
Microsoft Visual Studio Solution File, Format Version 12.00
# Visual Studio Version 17
VisualStudioVersion = 17.1.32421.90
MinimumVisualStudioVersion = 10.0.40219.1
Project("{9A19103F-16F7-4668-BE54-9A1E7A4F7556}") = "WebApplicationAzure", "WebApplicationAzure\WebApplicationAzure.csproj", "{55EB52CF-9B3A-4FBD-9375-0E46106C815C}"
EndProject
Project("{FAE04EC0-301F-11D3-BF4B-00C04F79EFBC}") = "FunctionAppSocialNetwork", "FunctionAppSocialNetwork\FunctionAppSocialNetwork.csproj", "{741FECAB-C09F-4FDD-81CD-06182E968961}"
EndProject
Global
	GlobalSection(SolutionConfigurationPlatforms) = preSolution
		Debug|Any CPU = Debug|Any CPU
		Release|Any CPU = Release|Any CPU
	EndGlobalSection
	GlobalSection(ProjectConfigurationPlatforms) = postSolution
		{55EB52CF-9B3A-4FBD-9375-0E46106C815C}.Debug|Any CPU.ActiveCfg = Debug|Any CPU
		{55EB52CF-9B3A-4FBD-9375-0E46106C815C}.Debug|Any CPU.Build.0 = Debug|Any CPU
		{55EB52CF-9B3A-4FBD-9375-0E46106C815C}.Release|Any CPU.ActiveCfg = Release|Any CPU
		{55EB52CF-9B3A-4FBD-9375-0E46106C815C}.Release|Any CPU.Build.0 = Release|Any CPU
		{741FECAB-C09F-4FDD-81CD-06182E968961}.Debug|Any CPU.ActiveCfg = Debug|Any CPU
		{741FECAB-C09F-4FDD-81CD-06182E968961}.Debug|Any CPU.Build.0 = Debug|Any CPU
		{741FECAB-C09F-4FDD-81CD-06182E968961}.Release|Any CPU.ActiveCfg = Release|Any CPU
		{741FECAB-C09F-4FDD-81CD-06182E968961}.Release|Any CPU.Build.0 = Release|Any CPU
	EndGlobalSection
	GlobalSection(SolutionProperties) = preSolution
		HideSolutionNode = FALSE
	EndGlobalSection
	GlobalSection(ExtensibilityGlobals) = postSolution
		SolutionGuid = {EEF3D2D4-B7E3-4151-B8B9-90C07086BAD8}
	EndGlobalSection
EndGlobal
